lockfileVersion: '9.0'

settings:
  autoInstallPeers: true
  excludeLinksFromLockfile: false

importers:

  .: {}

  packages/authorization:
    devDependencies:
      '@app/config':
        specifier: '*'
        version: link:../config

  packages/config: {}

  packages/test:
    dependencies:
      '@app/authorization':
        specifier: '*'
        version: link:../authorization
    devDependencies:
      '@app/config':
        specifier: '*'
        version: link:../config
